
Microsoft Visual Studio Solution File, Format Version 12.00
# Visual Studio Version 16
VisualStudioVersion = 16.0.31729.503
MinimumVisualStudioVersion = 10.0.40219.1
Project("{FAE04EC0-301F-11D3-BF4B-00C04F79EFBC}") = "Cine", "Cine\Cine.csproj", "{8DCEA631-BABD-43FE-BE2B-AE05ABF3BF11}"
EndProject
Global
	GlobalSection(SolutionConfigurationPlatforms) = preSolution
		Debug|Any CPU = Debug|Any CPU
		Release|Any CPU = Release|Any CPU
	EndGlobalSection
	GlobalSection(ProjectConfigurationPlatforms) = postSolution
		{8DCEA631-BABD-43FE-BE2B-AE05ABF3BF11}.Debug|Any CPU.ActiveCfg = Debug|Any CPU
		{8DCEA631-BABD-43FE-BE2B-AE05ABF3BF11}.Debug|Any CPU.Build.0 = Debug|Any CPU
		{8DCEA631-BABD-43FE-BE2B-AE05ABF3BF11}.Release|Any CPU.ActiveCfg = Release|Any CPU
		{8DCEA631-BABD-43FE-BE2B-AE05ABF3BF11}.Release|Any CPU.Build.0 = Release|Any CPU
	EndGlobalSection
	GlobalSection(SolutionProperties) = preSolution
		HideSolutionNode = FALSE
	EndGlobalSection
	GlobalSection(ExtensibilityGlobals) = postSolution
		SolutionGuid = {7785E072-7418-4101-B0DB-2AEDE9D4F08C}
	EndGlobalSection
EndGlobal
